# This file is automatically @generated by Cargo.
# It is not intended for manual editing.
version = 3

[[package]]
name = "mfmt"
version = "0.1.1"
source = "registry+https://github.com/rust-lang/crates.io-index"
checksum = "fa98e71b01d0e4ebfaf0aa0fc86678506f1d80a83d64d310b0f33354e36ff347"

[[package]]
name = "scheme-format"
version = "0.1.0"
dependencies = [
 "mfmt",
]
